
Microsoft Visual Studio Solution File, Format Version 12.00
# Visual Studio Version 18
VisualStudioVersion = 18.4.11626.88 stable
MinimumVisualStudioVersion = 10.0.40219.1
Project("{2150E333-8FDC-42A3-9474-1A3956D46DE8}") = "Tests", "Tests", "{533683F1-B92C-4149-A2AD-6045623BC6D8}"
EndProject
Project("{2150E333-8FDC-42A3-9474-1A3956D46DE8}") = "Samples", "Samples", "{096114BB-519B-45C0-BE04-7592A6F75A97}"
EndProject
Project("{9A19103F-16F7-4668-BE54-9A1E7A4F7556}") = "Superdev.AspNetCore", "Superdev.AspNetCore\Superdev.AspNetCore.csproj", "{CF00093C-CB18-4400-8A83-8090DE38D7C7}"
EndProject
Project("{2150E333-8FDC-42A3-9474-1A3956D46DE8}") = "Solution Items", "Solution Items", "{5B2E3BCA-E4CD-4F89-9165-C968EABB6825}"
	ProjectSection(SolutionItems) = preProject
		.editorconfig = .editorconfig
		.gitignore = .gitignore
		azure-pipelines.yml = azure-pipelines.yml
		LICENSE = LICENSE
		README.md = README.md
		ReleaseNotes.txt = ReleaseNotes.txt
	EndProjectSection
EndProject
Project("{FAE04EC0-301F-11D3-BF4B-00C04F79EFBC}") = "Superdev.AspNetCore.Tests", "Tests\Superdev.AspNetCore.Tests\Superdev.AspNetCore.Tests.csproj", "{625DE566-477F-58B8-05CC-583871FF1654}"
EndProject
Project("{FAE04EC0-301F-11D3-BF4B-00C04F79EFBC}") = "Superdev.AspNetCore.Sample", "Samples\Superdev.AspNetCore.Sample\Superdev.AspNetCore.Sample.csproj", "{F5301997-E5B4-4706-99AD-6A78C3B16EBF}"
EndProject
Project("{FAE04EC0-301F-11D3-BF4B-00C04F79EFBC}") = "Superdev.AspNetCore.Testing", "Superdev.AspNetCore.Testing\Superdev.AspNetCore.Testing.csproj", "{820C1A6A-B746-4295-93E2-1F58E9810447}"
EndProject
Global
	GlobalSection(SolutionConfigurationPlatforms) = preSolution
		Debug|Any CPU = Debug|Any CPU
		Release|Any CPU = Release|Any CPU
	EndGlobalSection
	GlobalSection(ProjectConfigurationPlatforms) = postSolution
		{CF00093C-CB18-4400-8A83-8090DE38D7C7}.Debug|Any CPU.ActiveCfg = Debug|Any CPU
		{CF00093C-CB18-4400-8A83-8090DE38D7C7}.Debug|Any CPU.Build.0 = Debug|Any CPU
		{CF00093C-CB18-4400-8A83-8090DE38D7C7}.Release|Any CPU.ActiveCfg = Release|Any CPU
		{CF00093C-CB18-4400-8A83-8090DE38D7C7}.Release|Any CPU.Build.0 = Release|Any CPU
		{625DE566-477F-58B8-05CC-583871FF1654}.Debug|Any CPU.ActiveCfg = Debug|Any CPU
		{625DE566-477F-58B8-05CC-583871FF1654}.Debug|Any CPU.Build.0 = Debug|Any CPU
		{625DE566-477F-58B8-05CC-583871FF1654}.Release|Any CPU.ActiveCfg = Release|Any CPU
		{625DE566-477F-58B8-05CC-583871FF1654}.Release|Any CPU.Build.0 = Release|Any CPU
		{F5301997-E5B4-4706-99AD-6A78C3B16EBF}.Debug|Any CPU.ActiveCfg = Debug|Any CPU
		{F5301997-E5B4-4706-99AD-6A78C3B16EBF}.Debug|Any CPU.Build.0 = Debug|Any CPU
		{F5301997-E5B4-4706-99AD-6A78C3B16EBF}.Release|Any CPU.ActiveCfg = Release|Any CPU
		{F5301997-E5B4-4706-99AD-6A78C3B16EBF}.Release|Any CPU.Build.0 = Release|Any CPU
		{820C1A6A-B746-4295-93E2-1F58E9810447}.Debug|Any CPU.ActiveCfg = Debug|Any CPU
		{820C1A6A-B746-4295-93E2-1F58E9810447}.Debug|Any CPU.Build.0 = Debug|Any CPU
		{820C1A6A-B746-4295-93E2-1F58E9810447}.Release|Any CPU.ActiveCfg = Release|Any CPU
		{820C1A6A-B746-4295-93E2-1F58E9810447}.Release|Any CPU.Build.0 = Release|Any CPU
	EndGlobalSection
	GlobalSection(SolutionProperties) = preSolution
		HideSolutionNode = FALSE
	EndGlobalSection
	GlobalSection(NestedProjects) = preSolution
		{625DE566-477F-58B8-05CC-583871FF1654} = {533683F1-B92C-4149-A2AD-6045623BC6D8}
		{F5301997-E5B4-4706-99AD-6A78C3B16EBF} = {096114BB-519B-45C0-BE04-7592A6F75A97}
	EndGlobalSection
	GlobalSection(ExtensibilityGlobals) = postSolution
		SolutionGuid = {505BC42B-A737-4054-A3EF-607B32BA33C8}
	EndGlobalSection
EndGlobal
